{
  "originHash" : "a75b0e5287252b309baab7ac389d0b24c4da85dd7fba4e53c3f28752e2abe8ce",
  "pins" : [
    {
      "identity" : "realm-cocoa",
      "kind" : "remoteSourceControl",
      "location" : "https://github.com/realm/realm-cocoa",
      "state" : {
        "branch" : "master",
        "revision" : "d1906cd285486e60d7d9e5bbde57c6ab9822da8e"
      }
    },
    {
      "identity" : "realm-core",
      "kind" : "remoteSourceControl",
      "location" : "https://github.com/realm/realm-core.git",
      "state" : {
        "revision" : "374dd672af357732dccc135fecc905406fec3223",
        "version" : "14.4.1"
      }
    }
  ],
  "version" : 3
}
